{
  "version": 4,
  "terraform_version": "1.10.0",
  "serial": 1,
  "lineage": "04d4f425-46a8-5f75-807f-4dc1ebf3dd22",
  "outputs": {},
  "resources": [
    {
      "mode": "data",
      "type": "twc_configurator",
      "name": "configurator",
      "provider": "provider[\"tf.timeweb.cloud/timeweb-cloud/timeweb-cloud\"]",
      "instances": [
        {
          "schema_version": 0,
          "attributes": {
            "cpu_frequency": "3.3",
            "disk_type": "nvme",
            "id": "11",
            "location": "ru-1",
            "requirements": [
              {
                "cpu_max": 104,
                "cpu_min": 1,
                "cpu_step": 1,
                "disk_max": 2048000,
                "disk_min": 15360,
                "disk_step": 5120,
                "network_bandwidth_max": 1000,
                "network_bandwidth_min": 1000,
                "network_bandwidth_step": 100,
                "ram_max": 747520,
                "ram_min": 1024,
                "ram_step": 1024
              }
            ]
          },
          "sensitive_attributes": []
        }
      ]
    },
    {
      "mode": "data",
      "type": "twc_os",
      "name": "os",
      "provider": "provider[\"tf.timeweb.cloud/timeweb-cloud/timeweb-cloud\"]",
      "instances": [
        {
          "schema_version": 0,
          "attributes": {
            "description": "",
            "family": "linux",
            "id": "79",
            "name": "ubuntu",
            "requirements": [
              {
                "bandwidth_min": 0,
                "cpu_min": 0,
                "disk_min": 0,
                "ram_min": 0
              }
            ],
            "version": "22.04",
            "version_codename": "jammy"
          },
          "sensitive_attributes": []
        }
      ]
    },
    {
      "mode": "managed",
      "type": "twc_server",
      "name": "example-server",
      "provider": "provider[\"tf.timeweb.cloud/timeweb-cloud/timeweb-cloud\"]",
      "instances": [
        {
          "schema_version": 0,
          "attributes": {
            "availability_zone": "spb-3",
            "avatar_id": "",
            "bandwidth": null,
            "boot_mode": "std",
            "cloud_init": null,
            "comment": "",
            "configuration": [
              {
                "configurator_id": 11,
                "cpu": 1,
                "disk": 15360,
                "ram": 1024
              }
            ],
            "configurator_id": 11,
            "cpu": 1,
            "cpu_frequency": "3.3",
            "disks": [
              {
                "id": 20137013,
                "is_mounted": true,
                "is_system": true,
                "size": 15360,
                "status": "done",
                "system_name": "vda",
                "type": "nvme",
                "used": 0
              }
            ],
            "floating_ip_id": null,
            "id": "3597245",
            "image_id": null,
            "is_ddos_guard": false,
            "local_network": [],
            "location": "ru-1",
            "main_ipv4": null,
            "name": "Example server",
            "networks": [
              {
                "bandwidth": 1000,
                "ips": [
                  {
                    "ip": "2a03:6f00:4::884a",
                    "is_main": true,
                    "ptr": "",
                    "type": "ipv6"
                  }
                ],
                "is_ddos_guard": false,
                "nat_mode": "",
                "type": "public"
              }
            ],
            "os": [
              {
                "id": 79,
                "name": "ubuntu",
                "version": "22.04"
              }
            ],
            "os_id": 79,
            "preset_id": 0,
            "project_id": 1087959,
            "ram": 1024,
            "software": [],
            "software_id": null,
            "source_server_id": null,
            "ssh_keys_ids": null,
            "start_at": "",
            "status": "installing",
            "vnc_pass": ""
          },
          "sensitive_attributes": [
            [
              {
                "type": "get_attr",
                "value": "vnc_pass"
              }
            ]
          ],
          "private": "bnVsbA==",
          "dependencies": [
            "data.twc_configurator.configurator",
            "data.twc_os.os"
          ]
        }
      ]
    }
  ],
  "check_results": null
}
